// !$*UTF8*$!
{
	archiveVersion = 1;
	classes = {
	};
	objectVersion = 55;
	objects = {

/* Begin PBXBuildFile section */
		33344139282201B600414652 /* CowWrapper.swift in Sources */ = {isa = PBXBuildFile; fileRef = 33344138282201B600414652 /* CowWrapper.swift */; };
		3334413A282201B600414652 /* CowWrapper.swift in Sources */ = {isa = PBXBuildFile; fileRef = 33344138282201B600414652 /* CowWrapper.swift */; };
		3334413C282201D200414652 /* Reducer+Extension.swift in Sources */ = {isa = PBXBuildFile; fileRef = 3334413B282201D200414652 /* Reducer+Extension.swift */; };
		3334413D282201D200414652 /* Reducer+Extension.swift in Sources */ = {isa = PBXBuildFile; fileRef = 3334413B282201D200414652 /* Reducer+Extension.swift */; };
		3353D3F82809B99000B2A626 /* Tests_iOS.swift in Sources */ = {isa = PBXBuildFile; fileRef = 3353D3F72809B99000B2A626 /* Tests_iOS.swift */; };
		3353D3FA2809B99000B2A626 /* Tests_iOSLaunchTests.swift in Sources */ = {isa = PBXBuildFile; fileRef = 3353D3F92809B99000B2A626 /* Tests_iOSLaunchTests.swift */; };
		3353D4042809B99000B2A626 /* Tests_macOS.swift in Sources */ = {isa = PBXBuildFile; fileRef = 3353D4032809B99000B2A626 /* Tests_macOS.swift */; };
		3353D4062809B99000B2A626 /* Tests_macOSLaunchTests.swift in Sources */ = {isa = PBXBuildFile; fileRef = 3353D4052809B99000B2A626 /* Tests_macOSLaunchTests.swift */; };
		3353D4072809B99000B2A626 /* RecursiveSampleAppTCAApp.swift in Sources */ = {isa = PBXBuildFile; fileRef = 3353D3DF2809B98E00B2A626 /* RecursiveSampleAppTCAApp.swift */; };
		3353D4082809B99000B2A626 /* RecursiveSampleAppTCAApp.swift in Sources */ = {isa = PBXBuildFile; fileRef = 3353D3DF2809B98E00B2A626 /* RecursiveSampleAppTCAApp.swift */; };
		3353D40B2809B99000B2A626 /* Assets.xcassets in Resources */ = {isa = PBXBuildFile; fileRef = 3353D3E12809B98F00B2A626 /* Assets.xcassets */; };
		3353D40C2809B99000B2A626 /* Assets.xcassets in Resources */ = {isa = PBXBuildFile; fileRef = 3353D3E12809B98F00B2A626 /* Assets.xcassets */; };
		3353D41D2809BA5600B2A626 /* ComposableArchitecture in Frameworks */ = {isa = PBXBuildFile; productRef = 3353D41C2809BA5600B2A626 /* ComposableArchitecture */; };
		3353D41F280AFCC000B2A626 /* TimelineView.swift in Sources */ = {isa = PBXBuildFile; fileRef = 3353D41E280AFCC000B2A626 /* TimelineView.swift */; };
		3353D420280AFCC000B2A626 /* TimelineView.swift in Sources */ = {isa = PBXBuildFile; fileRef = 3353D41E280AFCC000B2A626 /* TimelineView.swift */; };
		3353D422280AFDA200B2A626 /* TimelineLogCell.swift in Sources */ = {isa = PBXBuildFile; fileRef = 3353D421280AFDA200B2A626 /* TimelineLogCell.swift */; };
		3353D423280AFDA200B2A626 /* TimelineLogCell.swift in Sources */ = {isa = PBXBuildFile; fileRef = 3353D421280AFDA200B2A626 /* TimelineLogCell.swift */; };
		3353D425280AFE6D00B2A626 /* ProfileView.swift in Sources */ = {isa = PBXBuildFile; fileRef = 3353D424280AFE6D00B2A626 /* ProfileView.swift */; };
		3353D426280AFE6D00B2A626 /* ProfileView.swift in Sources */ = {isa = PBXBuildFile; fileRef = 3353D424280AFE6D00B2A626 /* ProfileView.swift */; };
/* End PBXBuildFile section */

/* Begin PBXContainerItemProxy section */
		3353D3F42809B99000B2A626 /* PBXContainerItemProxy */ = {
			isa = PBXContainerItemProxy;
			containerPortal = 3353D3DA2809B98E00B2A626 /* Project object */;
			proxyType = 1;
			remoteGlobalIDString = 3353D3E52809B99000B2A626;
			remoteInfo = "RecursiveSampleAppTCA (iOS)";
		};
		3353D4002809B99000B2A626 /* PBXContainerItemProxy */ = {
			isa = PBXContainerItemProxy;
			containerPortal = 3353D3DA2809B98E00B2A626 /* Project object */;
			proxyType = 1;
			remoteGlobalIDString = 3353D3EB2809B99000B2A626;
			remoteInfo = "RecursiveSampleAppTCA (macOS)";
		};
/* End PBXContainerItemProxy section */

/* Begin PBXFileReference section */
		33344138282201B600414652 /* CowWrapper.swift */ = {isa = PBXFileReference; lastKnownFileType = sourcecode.swift; path = CowWrapper.swift; sourceTree = "<group>"; };
		3334413B282201D200414652 /* Reducer+Extension.swift */ = {isa = PBXFileReference; lastKnownFileType = sourcecode.swift; path = "Reducer+Extension.swift"; sourceTree = "<group>"; };
		3353D3DF2809B98E00B2A626 /* RecursiveSampleAppTCAApp.swift */ = {isa = PBXFileReference; lastKnownFileType = sourcecode.swift; path = RecursiveSampleAppTCAApp.swift; sourceTree = "<group>"; };
		3353D3E12809B98F00B2A626 /* Assets.xcassets */ = {isa = PBXFileReference; lastKnownFileType = folder.assetcatalog; path = Assets.xcassets; sourceTree = "<group>"; };
		3353D3E62809B99000B2A626 /* RecursiveSampleAppTCA.app */ = {isa = PBXFileReference; explicitFileType = wrapper.application; includeInIndex = 0; path = RecursiveSampleAppTCA.app; sourceTree = BUILT_PRODUCTS_DIR; };
		3353D3EC2809B99000B2A626 /* RecursiveSampleAppTCA.app */ = {isa = PBXFileReference; explicitFileType = wrapper.application; includeInIndex = 0; path = RecursiveSampleAppTCA.app; sourceTree = BUILT_PRODUCTS_DIR; };
		3353D3EE2809B99000B2A626 /* macOS.entitlements */ = {isa = PBXFileReference; lastKnownFileType = text.plist.entitlements; path = macOS.entitlements; sourceTree = "<group>"; };
		3353D3F32809B99000B2A626 /* Tests iOS.xctest */ = {isa = PBXFileReference; explicitFileType = wrapper.cfbundle; includeInIndex = 0; path = "Tests iOS.xctest"; sourceTree = BUILT_PRODUCTS_DIR; };
		3353D3F72809B99000B2A626 /* Tests_iOS.swift */ = {isa = PBXFileReference; lastKnownFileType = sourcecode.swift; path = Tests_iOS.swift; sourceTree = "<group>"; };
		3353D3F92809B99000B2A626 /* Tests_iOSLaunchTests.swift */ = {isa = PBXFileReference; lastKnownFileType = sourcecode.swift; path = Tests_iOSLaunchTests.swift; sourceTree = "<group>"; };
		3353D3FF2809B99000B2A626 /* Tests macOS.xctest */ = {isa = PBXFileReference; explicitFileType = wrapper.cfbundle; includeInIndex = 0; path = "Tests macOS.xctest"; sourceTree = BUILT_PRODUCTS_DIR; };
		3353D4032809B99000B2A626 /* Tests_macOS.swift */ = {isa = PBXFileReference; lastKnownFileType = sourcecode.swift; path = Tests_macOS.swift; sourceTree = "<group>"; };
		3353D4052809B99000B2A626 /* Tests_macOSLaunchTests.swift */ = {isa = PBXFileReference; lastKnownFileType = sourcecode.swift; path = Tests_macOSLaunchTests.swift; sourceTree = "<group>"; };
		3353D41E280AFCC000B2A626 /* TimelineView.swift */ = {isa = PBXFileReference; lastKnownFileType = sourcecode.swift; path = TimelineView.swift; sourceTree = "<group>"; };
		3353D421280AFDA200B2A626 /* TimelineLogCell.swift */ = {isa = PBXFileReference; lastKnownFileType = sourcecode.swift; path = TimelineLogCell.swift; sourceTree = "<group>"; };
		3353D424280AFE6D00B2A626 /* ProfileView.swift */ = {isa = PBXFileReference; lastKnownFileType = sourcecode.swift; path = ProfileView.swift; sourceTree = "<group>"; };
/* End PBXFileReference section */

/* Begin PBXFrameworksBuildPhase section */
		3353D3E32809B99000B2A626 /* Frameworks */ = {
			isa = PBXFrameworksBuildPhase;
			buildActionMask = 2147483647;
			files = (
				3353D41D2809BA5600B2A626 /* ComposableArchitecture in Frameworks */,
			);
			runOnlyForDeploymentPostprocessing = 0;
		};
		3353D3E92809B99000B2A626 /* Frameworks */ = {
			isa = PBXFrameworksBuildPhase;
			buildActionMask = 2147483647;
			files = (
			);
			runOnlyForDeploymentPostprocessing = 0;
		};
		3353D3F02809B99000B2A626 /* Frameworks */ = {
			isa = PBXFrameworksBuildPhase;
			buildActionMask = 2147483647;
			files = (
			);
			runOnlyForDeploymentPostprocessing = 0;
		};
		3353D3FC2809B99000B2A626 /* Frameworks */ = {
			isa = PBXFrameworksBuildPhase;
			buildActionMask = 2147483647;
			files = (
			);
			runOnlyForDeploymentPostprocessing = 0;
		};
/* End PBXFrameworksBuildPhase section */

/* Begin PBXGroup section */
		3353D3D92809B98E00B2A626 = {
			isa = PBXGroup;
			children = (
				3353D3DE2809B98E00B2A626 /* Shared */,
				3353D3ED2809B99000B2A626 /* macOS */,
				3353D3F62809B99000B2A626 /* Tests iOS */,
				3353D4022809B99000B2A626 /* Tests macOS */,
				3353D3E72809B99000B2A626 /* Products */,
			);
			sourceTree = "<group>";
		};
		3353D3DE2809B98E00B2A626 /* Shared */ = {
			isa = PBXGroup;
			children = (
				3353D3DF2809B98E00B2A626 /* RecursiveSampleAppTCAApp.swift */,
				3353D41E280AFCC000B2A626 /* TimelineView.swift */,
				3353D424280AFE6D00B2A626 /* ProfileView.swift */,
				3353D421280AFDA200B2A626 /* TimelineLogCell.swift */,
				33344138282201B600414652 /* CowWrapper.swift */,
				3334413B282201D200414652 /* Reducer+Extension.swift */,
				3353D3E12809B98F00B2A626 /* Assets.xcassets */,
			);
			path = Shared;
			sourceTree = "<group>";
		};
		3353D3E72809B99000B2A626 /* Products */ = {
			isa = PBXGroup;
			children = (
				3353D3E62809B99000B2A626 /* RecursiveSampleAppTCA.app */,
				3353D3EC2809B99000B2A626 /* RecursiveSampleAppTCA.app */,
				3353D3F32809B99000B2A626 /* Tests iOS.xctest */,
				3353D3FF2809B99000B2A626 /* Tests macOS.xctest */,
			);
			name = Products;
			sourceTree = "<group>";
		};
		3353D3ED2809B99000B2A626 /* macOS */ = {
			isa = PBXGroup;
			children = (
				3353D3EE2809B99000B2A626 /* macOS.entitlements */,
			);
			path = macOS;
			sourceTree = "<group>";
		};
		3353D3F62809B99000B2A626 /* Tests iOS */ = {
			isa = PBXGroup;
			children = (
				3353D3F72809B99000B2A626 /* Tests_iOS.swift */,
				3353D3F92809B99000B2A626 /* Tests_iOSLaunchTests.swift */,
			);
			path = "Tests iOS";
			sourceTree = "<group>";
		};
		3353D4022809B99000B2A626 /* Tests macOS */ = {
			isa = PBXGroup;
			children = (
				3353D4032809B99000B2A626 /* Tests_macOS.swift */,
				3353D4052809B99000B2A626 /* Tests_macOSLaunchTests.swift */,
			);
			path = "Tests macOS";
			sourceTree = "<group>";
		};
/* End PBXGroup section */

/* Begin PBXNativeTarget section */
		3353D3E52809B99000B2A626 /* RecursiveSampleAppTCA (iOS) */ = {
			isa = PBXNativeTarget;
			buildConfigurationList = 3353D40F2809B99000B2A626 /* Build configuration list for PBXNativeTarget "RecursiveSampleAppTCA (iOS)" */;
			buildPhases = (
				3353D3E22809B99000B2A626 /* Sources */,
				3353D3E32809B99000B2A626 /* Frameworks */,
				3353D3E42809B99000B2A626 /* Resources */,
			);
			buildRules = (
			);
			dependencies = (
			);
			name = "RecursiveSampleAppTCA (iOS)";
			packageProductDependencies = (
				3353D41C2809BA5600B2A626 /* ComposableArchitecture */,
			);
			productName = "RecursiveSampleAppTCA (iOS)";
			productReference = 3353D3E62809B99000B2A626 /* RecursiveSampleAppTCA.app */;
			productType = "com.apple.product-type.application";
		};
		3353D3EB2809B99000B2A626 /* RecursiveSampleAppTCA (macOS) */ = {
			isa = PBXNativeTarget;
			buildConfigurationList = 3353D4122809B99000B2A626 /* Build configuration list for PBXNativeTarget "RecursiveSampleAppTCA (macOS)" */;
			buildPhases = (
				3353D3E82809B99000B2A626 /* Sources */,
				3353D3E92809B99000B2A626 /* Frameworks */,
				3353D3EA2809B99000B2A626 /* Resources */,
			);
			buildRules = (
			);
			dependencies = (
			);
			name = "RecursiveSampleAppTCA (macOS)";
			productName = "RecursiveSampleAppTCA (macOS)";
			productReference = 3353D3EC2809B99000B2A626 /* RecursiveSampleAppTCA.app */;
			productType = "com.apple.product-type.application";
		};
		3353D3F22809B99000B2A626 /* Tests iOS */ = {
			isa = PBXNativeTarget;
			buildConfigurationList = 3353D4152809B99000B2A626 /* Build configuration list for PBXNativeTarget "Tests iOS" */;
			buildPhases = (
				3353D3EF2809B99000B2A626 /* Sources */,
				3353D3F02809B99000B2A626 /* Frameworks */,
				3353D3F12809B99000B2A626 /* Resources */,
			);
			buildRules = (
			);
			dependencies = (
				3353D3F52809B99000B2A626 /* PBXTargetDependency */,
			);
			name = "Tests iOS";
			productName = "Tests iOS";
			productReference = 3353D3F32809B99000B2A626 /* Tests iOS.xctest */;
			productType = "com.apple.product-type.bundle.ui-testing";
		};
		3353D3FE2809B99000B2A626 /* Tests macOS */ = {
			isa = PBXNativeTarget;
			buildConfigurationList = 3353D4182809B99000B2A626 /* Build configuration list for PBXNativeTarget "Tests macOS" */;
			buildPhases = (
				3353D3FB2809B99000B2A626 /* Sources */,
				3353D3FC2809B99000B2A626 /* Frameworks */,
				3353D3FD2809B99000B2A626 /* Resources */,
			);
			buildRules = (
			);
			dependencies = (
				3353D4012809B99000B2A626 /* PBXTargetDependency */,
			);
			name = "Tests macOS";
			productName = "Tests macOS";
			productReference = 3353D3FF2809B99000B2A626 /* Tests macOS.xctest */;
			productType = "com.apple.product-type.bundle.ui-testing";
		};
/* End PBXNativeTarget section */

/* Begin PBXProject section */
		3353D3DA2809B98E00B2A626 /* Project object */ = {
			isa = PBXProject;
			attributes = {
				BuildIndependentTargetsInParallel = 1;
				LastSwiftUpdateCheck = 1330;
				LastUpgradeCheck = 1330;
				TargetAttributes = {
					3353D3E52809B99000B2A626 = {
						CreatedOnToolsVersion = 13.3.1;
					};
					3353D3EB2809B99000B2A626 = {
						CreatedOnToolsVersion = 13.3.1;
					};
					3353D3F22809B99000B2A626 = {
						CreatedOnToolsVersion = 13.3.1;
						TestTargetID = 3353D3E52809B99000B2A626;
					};
					3353D3FE2809B99000B2A626 = {
						CreatedOnToolsVersion = 13.3.1;
						TestTargetID = 3353D3EB2809B99000B2A626;
					};
				};
			};
			buildConfigurationList = 3353D3DD2809B98E00B2A626 /* Build configuration list for PBXProject "RecursiveSampleAppTCA" */;
			compatibilityVersion = "Xcode 13.0";
			developmentRegion = en;
			hasScannedForEncodings = 0;
			knownRegions = (
				en,
				Base,
			);
			mainGroup = 3353D3D92809B98E00B2A626;
			packageReferences = (
				3353D41B2809BA5600B2A626 /* XCRemoteSwiftPackageReference "swift-composable-architecture" */,
			);
			productRefGroup = 3353D3E72809B99000B2A626 /* Products */;
			projectDirPath = "";
			projectRoot = "";
			targets = (
				3353D3E52809B99000B2A626 /* RecursiveSampleAppTCA (iOS) */,
				3353D3EB2809B99000B2A626 /* RecursiveSampleAppTCA (macOS) */,
				3353D3F22809B99000B2A626 /* Tests iOS */,
				3353D3FE2809B99000B2A626 /* Tests macOS */,
			);
		};
/* End PBXProject section */

/* Begin PBXResourcesBuildPhase section */
		3353D3E42809B99000B2A626 /* Resources */ = {
			isa = PBXResourcesBuildPhase;
			buildActionMask = 2147483647;
			files = (
				3353D40B2809B99000B2A626 /* Assets.xcassets in Resources */,
			);
			runOnlyForDeploymentPostprocessing = 0;
		};
		3353D3EA2809B99000B2A626 /* Resources */ = {
			isa = PBXResourcesBuildPhase;
			buildActionMask = 2147483647;
			files = (
				3353D40C2809B99000B2A626 /* Assets.xcassets in Resources */,
			);
			runOnlyForDeploymentPostprocessing = 0;
		};
		3353D3F12809B99000B2A626 /* Resources */ = {
			isa = PBXResourcesBuildPhase;
			buildActionMask = 2147483647;
			files = (
			);
			runOnlyForDeploymentPostprocessing = 0;
		};
		3353D3FD2809B99000B2A626 /* Resources */ = {
			isa = PBXResourcesBuildPhase;
			buildActionMask = 2147483647;
			files = (
			);
			runOnlyForDeploymentPostprocessing = 0;
		};
/* End PBXResourcesBuildPhase section */

/* Begin PBXSourcesBuildPhase section */
		3353D3E22809B99000B2A626 /* Sources */ = {
			isa = PBXSourcesBuildPhase;
			buildActionMask = 2147483647;
			files = (
				3353D422280AFDA200B2A626 /* TimelineLogCell.swift in Sources */,
				3334413C282201D200414652 /* Reducer+Extension.swift in Sources */,
				3353D425280AFE6D00B2A626 /* ProfileView.swift in Sources */,
				3353D41F280AFCC000B2A626 /* TimelineView.swift in Sources */,
				3353D4072809B99000B2A626 /* RecursiveSampleAppTCAApp.swift in Sources */,
				33344139282201B600414652 /* CowWrapper.swift in Sources */,
			);
			runOnlyForDeploymentPostprocessing = 0;
		};
		3353D3E82809B99000B2A626 /* Sources */ = {
			isa = PBXSourcesBuildPhase;
			buildActionMask = 2147483647;
			files = (
				3353D423280AFDA200B2A626 /* TimelineLogCell.swift in Sources */,
				3334413D282201D200414652 /* Reducer+Extension.swift in Sources */,
				3353D426280AFE6D00B2A626 /* ProfileView.swift in Sources */,
				3353D420280AFCC000B2A626 /* TimelineView.swift in Sources */,
				3353D4082809B99000B2A626 /* RecursiveSampleAppTCAApp.swift in Sources */,
				3334413A282201B600414652 /* CowWrapper.swift in Sources */,
			);
			runOnlyForDeploymentPostprocessing = 0;
		};
		3353D3EF2809B99000B2A626 /* Sources */ = {
			isa = PBXSourcesBuildPhase;
			buildActionMask = 2147483647;
			files = (
				3353D3FA2809B99000B2A626 /* Tests_iOSLaunchTests.swift in Sources */,
				3353D3F82809B99000B2A626 /* Tests_iOS.swift in Sources */,
			);
			runOnlyForDeploymentPostprocessing = 0;
		};
		3353D3FB2809B99000B2A626 /* Sources */ = {
			isa = PBXSourcesBuildPhase;
			buildActionMask = 2147483647;
			files = (
				3353D4062809B99000B2A626 /* Tests_macOSLaunchTests.swift in Sources */,
				3353D4042809B99000B2A626 /* Tests_macOS.swift in Sources */,
			);
			runOnlyForDeploymentPostprocessing = 0;
		};
/* End PBXSourcesBuildPhase section */

/* Begin PBXTargetDependency section */
		3353D3F52809B99000B2A626 /* PBXTargetDependency */ = {
			isa = PBXTargetDependency;
			target = 3353D3E52809B99000B2A626 /* RecursiveSampleAppTCA (iOS) */;
			targetProxy = 3353D3F42809B99000B2A626 /* PBXContainerItemProxy */;
		};
		3353D4012809B99000B2A626 /* PBXTargetDependency */ = {
			isa = PBXTargetDependency;
			target = 3353D3EB2809B99000B2A626 /* RecursiveSampleAppTCA (macOS) */;
			targetProxy = 3353D4002809B99000B2A626 /* PBXContainerItemProxy */;
		};
/* End PBXTargetDependency section */

/* Begin XCBuildConfiguration section */
		3353D40D2809B99000B2A626 /* Debug */ = {
			isa = XCBuildConfiguration;
			buildSettings = {
				ALWAYS_SEARCH_USER_PATHS = NO;
				CLANG_ANALYZER_NONNULL = YES;
				CLANG_ANALYZER_NUMBER_OBJECT_CONVERSION = YES_AGGRESSIVE;
				CLANG_CXX_LANGUAGE_STANDARD = "gnu++17";
				CLANG_ENABLE_MODULES = YES;
				CLANG_ENABLE_OBJC_ARC = YES;
				CLANG_ENABLE_OBJC_WEAK = YES;
				CLANG_WARN_BLOCK_CAPTURE_AUTORELEASING = YES;
				CLANG_WARN_BOOL_CONVERSION = YES;
				CLANG_WARN_COMMA = YES;
				CLANG_WARN_CONSTANT_CONVERSION = YES;
				CLANG_WARN_DEPRECATED_OBJC_IMPLEMENTATIONS = YES;
				CLANG_WARN_DIRECT_OBJC_ISA_USAGE = YES_ERROR;
				CLANG_WARN_DOCUMENTATION_COMMENTS = YES;
				CLANG_WARN_EMPTY_BODY = YES;
				CLANG_WARN_ENUM_CONVERSION = YES;
				CLANG_WARN_INFINITE_RECURSION = YES;
				CLANG_WARN_INT_CONVERSION = YES;
				CLANG_WARN_NON_LITERAL_NULL_CONVERSION = YES;
				CLANG_WARN_OBJC_IMPLICIT_RETAIN_SELF = YES;
				CLANG_WARN_OBJC_LITERAL_CONVERSION = YES;
				CLANG_WARN_OBJC_ROOT_CLASS = YES_ERROR;
				CLANG_WARN_QUOTED_INCLUDE_IN_FRAMEWORK_HEADER = YES;
				CLANG_WARN_RANGE_LOOP_ANALYSIS = YES;
				CLANG_WARN_STRICT_PROTOTYPES = YES;
				CLANG_WARN_SUSPICIOUS_MOVE = YES;
				CLANG_WARN_UNGUARDED_AVAILABILITY = YES_AGGRESSIVE;
				CLANG_WARN_UNREACHABLE_CODE = YES;
				CLANG_WARN__DUPLICATE_METHOD_MATCH = YES;
				COPY_PHASE_STRIP = NO;
				DEBUG_INFORMATION_FORMAT = dwarf;
				ENABLE_STRICT_OBJC_MSGSEND = YES;
				ENABLE_TESTABILITY = YES;
				GCC_C_LANGUAGE_STANDARD = gnu11;
				GCC_DYNAMIC_NO_PIC = NO;
				GCC_NO_COMMON_BLOCKS = YES;
				GCC_OPTIMIZATION_LEVEL = 0;
				GCC_PREPROCESSOR_DEFINITIONS = (
					"DEBUG=1",
					"$(inherited)",
				);
				GCC_WARN_64_TO_32_BIT_CONVERSION = YES;
				GCC_WARN_ABOUT_RETURN_TYPE = YES_ERROR;
				GCC_WARN_UNDECLARED_SELECTOR = YES;
				GCC_WARN_UNINITIALIZED_AUTOS = YES_AGGRESSIVE;
				GCC_WARN_UNUSED_FUNCTION = YES;
				GCC_WARN_UNUSED_VARIABLE = YES;
				MTL_ENABLE_DEBUG_INFO = INCLUDE_SOURCE;
				MTL_FAST_MATH = YES;
				ONLY_ACTIVE_ARCH = YES;
				SWIFT_ACTIVE_COMPILATION_CONDITIONS = DEBUG;
				SWIFT_OPTIMIZATION_LEVEL = "-Onone";
			};
			name = Debug;
		};
		3353D40E2809B99000B2A626 /* Release */ = {
			isa = XCBuildConfiguration;
			buildSettings = {
				ALWAYS_SEARCH_USER_PATHS = NO;
				CLANG_ANALYZER_NONNULL = YES;
				CLANG_ANALYZER_NUMBER_OBJECT_CONVERSION = YES_AGGRESSIVE;
				CLANG_CXX_LANGUAGE_STANDARD = "gnu++17";
				CLANG_ENABLE_MODULES = YES;
				CLANG_ENABLE_OBJC_ARC = YES;
				CLANG_ENABLE_OBJC_WEAK = YES;
				CLANG_WARN_BLOCK_CAPTURE_AUTORELEASING = YES;
				CLANG_WARN_BOOL_CONVERSION = YES;
				CLANG_WARN_COMMA = YES;
				CLANG_WARN_CONSTANT_CONVERSION = YES;
				CLANG_WARN_DEPRECATED_OBJC_IMPLEMENTATIONS = YES;
				CLANG_WARN_DIRECT_OBJC_ISA_USAGE = YES_ERROR;
				CLANG_WARN_DOCUMENTATION_COMMENTS = YES;
				CLANG_WARN_EMPTY_BODY = YES;
				CLANG_WARN_ENUM_CONVERSION = YES;
				CLANG_WARN_INFINITE_RECURSION = YES;
				CLANG_WARN_INT_CONVERSION = YES;
				CLANG_WARN_NON_LITERAL_NULL_CONVERSION = YES;
				CLANG_WARN_OBJC_IMPLICIT_RETAIN_SELF = YES;
				CLANG_WARN_OBJC_LITERAL_CONVERSION = YES;
				CLANG_WARN_OBJC_ROOT_CLASS = YES_ERROR;
				CLANG_WARN_QUOTED_INCLUDE_IN_FRAMEWORK_HEADER = YES;
				CLANG_WARN_RANGE_LOOP_ANALYSIS = YES;
				CLANG_WARN_STRICT_PROTOTYPES = YES;
				CLANG_WARN_SUSPICIOUS_MOVE = YES;
				CLANG_WARN_UNGUARDED_AVAILABILITY = YES_AGGRESSIVE;
				CLANG_WARN_UNREACHABLE_CODE = YES;
				CLANG_WARN__DUPLICATE_METHOD_MATCH = YES;
				COPY_PHASE_STRIP = NO;
				DEBUG_INFORMATION_FORMAT = "dwarf-with-dsym";
				ENABLE_NS_ASSERTIONS = NO;
				ENABLE_STRICT_OBJC_MSGSEND = YES;
				GCC_C_LANGUAGE_STANDARD = gnu11;
				GCC_NO_COMMON_BLOCKS = YES;
				GCC_WARN_64_TO_32_BIT_CONVERSION = YES;
				GCC_WARN_ABOUT_RETURN_TYPE = YES_ERROR;
				GCC_WARN_UNDECLARED_SELECTOR = YES;
				GCC_WARN_UNINITIALIZED_AUTOS = YES_AGGRESSIVE;
				GCC_WARN_UNUSED_FUNCTION = YES;
				GCC_WARN_UNUSED_VARIABLE = YES;
				MTL_ENABLE_DEBUG_INFO = NO;
				MTL_FAST_MATH = YES;
				SWIFT_COMPILATION_MODE = wholemodule;
				SWIFT_OPTIMIZATION_LEVEL = "-O";
			};
			name = Release;
		};
		3353D4102809B99000B2A626 /* Debug */ = {
			isa = XCBuildConfiguration;
			buildSettings = {
				ASSETCATALOG_COMPILER_APPICON_NAME = AppIcon;
				ASSETCATALOG_COMPILER_GLOBAL_ACCENT_COLOR_NAME = AccentColor;
				CODE_SIGN_STYLE = Automatic;
				CURRENT_PROJECT_VERSION = 1;
				DEVELOPMENT_TEAM = 826UFXVDY8;
				ENABLE_PREVIEWS = YES;
				GENERATE_INFOPLIST_FILE = YES;
				INFOPLIST_KEY_UIApplicationSceneManifest_Generation = YES;
				INFOPLIST_KEY_UIApplicationSupportsIndirectInputEvents = YES;
				INFOPLIST_KEY_UILaunchScreen_Generation = YES;
				INFOPLIST_KEY_UISupportedInterfaceOrientations_iPad = "UIInterfaceOrientationPortrait UIInterfaceOrientationPortraitUpsideDown UIInterfaceOrientationLandscapeLeft UIInterfaceOrientationLandscapeRight";
				INFOPLIST_KEY_UISupportedInterfaceOrientations_iPhone = "UIInterfaceOrientationPortrait UIInterfaceOrientationLandscapeLeft UIInterfaceOrientationLandscapeRight";
				IPHONEOS_DEPLOYMENT_TARGET = 15.4;
				LD_RUNPATH_SEARCH_PATHS = (
					"$(inherited)",
					"@executable_path/Frameworks",
				);
				MARKETING_VERSION = 1.0;
				PRODUCT_BUNDLE_IDENTIFIER = yosuke.RecursiveSampleAppTCA;
				PRODUCT_NAME = RecursiveSampleAppTCA;
				SDKROOT = iphoneos;
				SWIFT_EMIT_LOC_STRINGS = YES;
				SWIFT_VERSION = 5.0;
				TARGETED_DEVICE_FAMILY = "1,2";
			};
			name = Debug;
		};
		3353D4112809B99000B2A626 /* Release */ = {
			isa = XCBuildConfiguration;
			buildSettings = {
				ASSETCATALOG_COMPILER_APPICON_NAME = AppIcon;
				ASSETCATALOG_COMPILER_GLOBAL_ACCENT_COLOR_NAME = AccentColor;
				CODE_SIGN_STYLE = Automatic;
				CURRENT_PROJECT_VERSION = 1;
				DEVELOPMENT_TEAM = 826UFXVDY8;
				ENABLE_PREVIEWS = YES;
				GENERATE_INFOPLIST_FILE = YES;
				INFOPLIST_KEY_UIApplicationSceneManifest_Generation = YES;
				INFOPLIST_KEY_UIApplicationSupportsIndirectInputEvents = YES;
				INFOPLIST_KEY_UILaunchScreen_Generation = YES;
				INFOPLIST_KEY_UISupportedInterfaceOrientations_iPad = "UIInterfaceOrientationPortrait UIInterfaceOrientationPortraitUpsideDown UIInterfaceOrientationLandscapeLeft UIInterfaceOrientationLandscapeRight";
				INFOPLIST_KEY_UISupportedInterfaceOrientations_iPhone = "UIInterfaceOrientationPortrait UIInterfaceOrientationLandscapeLeft UIInterfaceOrientationLandscapeRight";
				IPHONEOS_DEPLOYMENT_TARGET = 15.4;
				LD_RUNPATH_SEARCH_PATHS = (
					"$(inherited)",
					"@executable_path/Frameworks",
				);
				MARKETING_VERSION = 1.0;
				PRODUCT_BUNDLE_IDENTIFIER = yosuke.RecursiveSampleAppTCA;
				PRODUCT_NAME = RecursiveSampleAppTCA;
				SDKROOT = iphoneos;
				SWIFT_EMIT_LOC_STRINGS = YES;
				SWIFT_VERSION = 5.0;
				TARGETED_DEVICE_FAMILY = "1,2";
				VALIDATE_PRODUCT = YES;
			};
			name = Release;
		};
		3353D4132809B99000B2A626 /* Debug */ = {
			isa = XCBuildConfiguration;
			buildSettings = {
				ASSETCATALOG_COMPILER_APPICON_NAME = AppIcon;
				ASSETCATALOG_COMPILER_GLOBAL_ACCENT_COLOR_NAME = AccentColor;
				CODE_SIGN_ENTITLEMENTS = macOS/macOS.entitlements;
				CODE_SIGN_STYLE = Automatic;
				COMBINE_HIDPI_IMAGES = YES;
				CURRENT_PROJECT_VERSION = 1;
				DEVELOPMENT_TEAM = 826UFXVDY8;
				ENABLE_HARDENED_RUNTIME = YES;
				ENABLE_PREVIEWS = YES;
				GENERATE_INFOPLIST_FILE = YES;
				INFOPLIST_KEY_NSHumanReadableCopyright = "";
				LD_RUNPATH_SEARCH_PATHS = (
					"$(inherited)",
					"@executable_path/../Frameworks",
				);
				MACOSX_DEPLOYMENT_TARGET = 12.3;
				MARKETING_VERSION = 1.0;
				PRODUCT_BUNDLE_IDENTIFIER = yosuke.RecursiveSampleAppTCA;
				PRODUCT_NAME = RecursiveSampleAppTCA;
				SDKROOT = macosx;
				SWIFT_EMIT_LOC_STRINGS = YES;
				SWIFT_VERSION = 5.0;
			};
			name = Debug;
		};
		3353D4142809B99000B2A626 /* Release */ = {
			isa = XCBuildConfiguration;
			buildSettings = {
				ASSETCATALOG_COMPILER_APPICON_NAME = AppIcon;
				ASSETCATALOG_COMPILER_GLOBAL_ACCENT_COLOR_NAME = AccentColor;
				CODE_SIGN_ENTITLEMENTS = macOS/macOS.entitlements;
				CODE_SIGN_STYLE = Automatic;
				COMBINE_HIDPI_IMAGES = YES;
				CURRENT_PROJECT_VERSION = 1;
				DEVELOPMENT_TEAM = 826UFXVDY8;
				ENABLE_HARDENED_RUNTIME = YES;
				ENABLE_PREVIEWS = YES;
				GENERATE_INFOPLIST_FILE = YES;
				INFOPLIST_KEY_NSHumanReadableCopyright = "";
				LD_RUNPATH_SEARCH_PATHS = (
					"$(inherited)",
					"@executable_path/../Frameworks",
				);
				MACOSX_DEPLOYMENT_TARGET = 12.3;
				MARKETING_VERSION = 1.0;
				PRODUCT_BUNDLE_IDENTIFIER = yosuke.RecursiveSampleAppTCA;
				PRODUCT_NAME = RecursiveSampleAppTCA;
				SDKROOT = macosx;
				SWIFT_EMIT_LOC_STRINGS = YES;
				SWIFT_VERSION = 5.0;
			};
			name = Release;
		};
		3353D4162809B99000B2A626 /* Debug */ = {
			isa = XCBuildConfiguration;
			buildSettings = {
				ALWAYS_EMBED_SWIFT_STANDARD_LIBRARIES = YES;
				CODE_SIGN_STYLE = Automatic;
				CURRENT_PROJECT_VERSION = 1;
				DEVELOPMENT_TEAM = 826UFXVDY8;
				GENERATE_INFOPLIST_FILE = YES;
				IPHONEOS_DEPLOYMENT_TARGET = 15.4;
				MARKETING_VERSION = 1.0;
				PRODUCT_BUNDLE_IDENTIFIER = "yosuke.Tests-iOS";
				PRODUCT_NAME = "$(TARGET_NAME)";
				SDKROOT = iphoneos;
				SWIFT_EMIT_LOC_STRINGS = NO;
				SWIFT_VERSION = 5.0;
				TARGETED_DEVICE_FAMILY = "1,2";
				TEST_TARGET_NAME = "RecursiveSampleAppTCA (iOS)";
			};
			name = Debug;
		};
		3353D4172809B99000B2A626 /* Release */ = {
			isa = XCBuildConfiguration;
			buildSettings = {
				ALWAYS_EMBED_SWIFT_STANDARD_LIBRARIES = YES;
				CODE_SIGN_STYLE = Automatic;
				CURRENT_PROJECT_VERSION = 1;
				DEVELOPMENT_TEAM = 826UFXVDY8;
				GENERATE_INFOPLIST_FILE = YES;
				IPHONEOS_DEPLOYMENT_TARGET = 15.4;
				MARKETING_VERSION = 1.0;
				PRODUCT_BUNDLE_IDENTIFIER = "yosuke.Tests-iOS";
				PRODUCT_NAME = "$(TARGET_NAME)";
				SDKROOT = iphoneos;
				SWIFT_EMIT_LOC_STRINGS = NO;
				SWIFT_VERSION = 5.0;
				TARGETED_DEVICE_FAMILY = "1,2";
				TEST_TARGET_NAME = "RecursiveSampleAppTCA (iOS)";
				VALIDATE_PRODUCT = YES;
			};
			name = Release;
		};
		3353D4192809B99000B2A626 /* Debug */ = {
			isa = XCBuildConfiguration;
			buildSettings = {
				ALWAYS_EMBED_SWIFT_STANDARD_LIBRARIES = YES;
				CODE_SIGN_STYLE = Automatic;
				CURRENT_PROJECT_VERSION = 1;
				DEVELOPMENT_TEAM = 826UFXVDY8;
				GENERATE_INFOPLIST_FILE = YES;
				MACOSX_DEPLOYMENT_TARGET = 12.3;
				MARKETING_VERSION = 1.0;
				PRODUCT_BUNDLE_IDENTIFIER = "yosuke.Tests-macOS";
				PRODUCT_NAME = "$(TARGET_NAME)";
				SDKROOT = macosx;
				SWIFT_EMIT_LOC_STRINGS = NO;
				SWIFT_VERSION = 5.0;
				TEST_TARGET_NAME = "RecursiveSampleAppTCA (macOS)";
			};
			name = Debug;
		};
		3353D41A2809B99000B2A626 /* Release */ = {
			isa = XCBuildConfiguration;
			buildSettings = {
				ALWAYS_EMBED_SWIFT_STANDARD_LIBRARIES = YES;
				CODE_SIGN_STYLE = Automatic;
				CURRENT_PROJECT_VERSION = 1;
				DEVELOPMENT_TEAM = 826UFXVDY8;
				GENERATE_INFOPLIST_FILE = YES;
				MACOSX_DEPLOYMENT_TARGET = 12.3;
				MARKETING_VERSION = 1.0;
				PRODUCT_BUNDLE_IDENTIFIER = "yosuke.Tests-macOS";
				PRODUCT_NAME = "$(TARGET_NAME)";
				SDKROOT = macosx;
				SWIFT_EMIT_LOC_STRINGS = NO;
				SWIFT_VERSION = 5.0;
				TEST_TARGET_NAME = "RecursiveSampleAppTCA (macOS)";
			};
			name = Release;
		};
/* End XCBuildConfiguration section */

/* Begin XCConfigurationList section */
		3353D3DD2809B98E00B2A626 /* Build configuration list for PBXProject "RecursiveSampleAppTCA" */ = {
			isa = XCConfigurationList;
			buildConfigurations = (
				3353D40D2809B99000B2A626 /* Debug */,
				3353D40E2809B99000B2A626 /* Release */,
			);
			defaultConfigurationIsVisible = 0;
			defaultConfigurationName = Release;
		};
		3353D40F2809B99000B2A626 /* Build configuration list for PBXNativeTarget "RecursiveSampleAppTCA (iOS)" */ = {
			isa = XCConfigurationList;
			buildConfigurations = (
				3353D4102809B99000B2A626 /* Debug */,
				3353D4112809B99000B2A626 /* Release */,
			);
			defaultConfigurationIsVisible = 0;
			defaultConfigurationName = Release;
		};
		3353D4122809B99000B2A626 /* Build configuration list for PBXNativeTarget "RecursiveSampleAppTCA (macOS)" */ = {
			isa = XCConfigurationList;
			buildConfigurations = (
				3353D4132809B99000B2A626 /* Debug */,
				3353D4142809B99000B2A626 /* Release */,
			);
			defaultConfigurationIsVisible = 0;
			defaultConfigurationName = Release;
		};
		3353D4152809B99000B2A626 /* Build configuration list for PBXNativeTarget "Tests iOS" */ = {
			isa = XCConfigurationList;
			buildConfigurations = (
				3353D4162809B99000B2A626 /* Debug */,
				3353D4172809B99000B2A626 /* Release */,
			);
			defaultConfigurationIsVisible = 0;
			defaultConfigurationName = Release;
		};
		3353D4182809B99000B2A626 /* Build configuration list for PBXNativeTarget "Tests macOS" */ = {
			isa = XCConfigurationList;
			buildConfigurations = (
				3353D4192809B99000B2A626 /* Debug */,
				3353D41A2809B99000B2A626 /* Release */,
			);
			defaultConfigurationIsVisible = 0;
			defaultConfigurationName = Release;
		};
/* End XCConfigurationList section */

/* Begin XCRemoteSwiftPackageReference section */
		3353D41B2809BA5600B2A626 /* XCRemoteSwiftPackageReference "swift-composable-architecture" */ = {
			isa = XCRemoteSwiftPackageReference;
			repositoryURL = "https://github.com/pointfreeco/swift-composable-architecture";
			requirement = {
				kind = upToNextMajorVersion;
				minimumVersion = 0.9.0;
			};
		};
/* End XCRemoteSwiftPackageReference section */

/* Begin XCSwiftPackageProductDependency section */
		3353D41C2809BA5600B2A626 /* ComposableArchitecture */ = {
			isa = XCSwiftPackageProductDependency;
			package = 3353D41B2809BA5600B2A626 /* XCRemoteSwiftPackageReference "swift-composable-architecture" */;
			productName = ComposableArchitecture;
		};
/* End XCSwiftPackageProductDependency section */
	};
	rootObject = 3353D3DA2809B98E00B2A626 /* Project object */;
}
